
Microsoft Visual Studio Solution File, Format Version 12.00
# Visual Studio Version 17
VisualStudioVersion = 17.5.33627.172
MinimumVisualStudioVersion = 10.0.40219.1
Project("{FAE04EC0-301F-11D3-BF4B-00C04F79EFBC}") = "FirstProgram", "FirstProgram\FirstProgram.csproj", "{B0E78A36-951A-446A-B50E-06090A0A0C1B}"
EndProject
Global
	GlobalSection(SolutionConfigurationPlatforms) = preSolution
		Debug|Any CPU = Debug|Any CPU
		Release|Any CPU = Release|Any CPU
	EndGlobalSection
	GlobalSection(ProjectConfigurationPlatforms) = postSolution
		{B0E78A36-951A-446A-B50E-06090A0A0C1B}.Debug|Any CPU.ActiveCfg = Debug|Any CPU
		{B0E78A36-951A-446A-B50E-06090A0A0C1B}.Debug|Any CPU.Build.0 = Debug|Any CPU
		{B0E78A36-951A-446A-B50E-06090A0A0C1B}.Release|Any CPU.ActiveCfg = Release|Any CPU
		{B0E78A36-951A-446A-B50E-06090A0A0C1B}.Release|Any CPU.Build.0 = Release|Any CPU
	EndGlobalSection
	GlobalSection(SolutionProperties) = preSolution
		HideSolutionNode = FALSE
	EndGlobalSection
	GlobalSection(ExtensibilityGlobals) = postSolution
		SolutionGuid = {65015A8D-BD4E-4289-B994-2891F759B2C4}
	EndGlobalSection
EndGlobal
